// !$*UTF8*$!
{
	archiveVersion = 1;
	classes = {
	};
	objectVersion = 56;
	objects = {

/* Begin PBXBuildFile section */
		D26D3B112CAF78FF008285A5 /* AppDelegate.swift in Sources */ = {isa = PBXBuildFile; fileRef = D26D3B102CAF78FF008285A5 /* AppDelegate.swift */; };
		D26D3B132CAF78FF008285A5 /* SceneDelegate.swift in Sources */ = {isa = PBXBuildFile; fileRef = D26D3B122CAF78FF008285A5 /* SceneDelegate.swift */; };
		D26D3B152CAF78FF008285A5 /* ViewController.swift in Sources */ = {isa = PBXBuildFile; fileRef = D26D3B142CAF78FF008285A5 /* ViewController.swift */; };
		D26D3B1A2CAF7901008285A5 /* Assets.xcassets in Resources */ = {isa = PBXBuildFile; fileRef = D26D3B192CAF7901008285A5 /* Assets.xcassets */; };
		D26D3B252CAF7960008285A5 /* AudioPlayer.swift in Sources */ = {isa = PBXBuildFile; fileRef = D26D3B242CAF7960008285A5 /* AudioPlayer.swift */; };
		D26D3B272CAF7966008285A5 /* SliderView.swift in Sources */ = {isa = PBXBuildFile; fileRef = D26D3B262CAF7966008285A5 /* SliderView.swift */; };
		D26D3B292CAF796B008285A5 /* PlayView.swift in Sources */ = {isa = PBXBuildFile; fileRef = D26D3B282CAF796B008285A5 /* PlayView.swift */; };
		D26D3B2B2CAF796F008285A5 /* HomeView.swift in Sources */ = {isa = PBXBuildFile; fileRef = D26D3B2A2CAF796F008285A5 /* HomeView.swift */; };
		D26D3B2D2CAF7974008285A5 /* BottomView.swift in Sources */ = {isa = PBXBuildFile; fileRef = D26D3B2C2CAF7974008285A5 /* BottomView.swift */; };
		D26D3B2F2CAF7979008285A5 /* audio.mp3 in Resources */ = {isa = PBXBuildFile; fileRef = D26D3B2E2CAF7979008285A5 /* audio.mp3 */; };
		D26D3B322CAF7982008285A5 /* RecordView.swift in Sources */ = {isa = PBXBuildFile; fileRef = D26D3B312CAF7982008285A5 /* RecordView.swift */; };
		D26D3B342CAF7986008285A5 /* RenameView.swift in Sources */ = {isa = PBXBuildFile; fileRef = D26D3B332CAF7986008285A5 /* RenameView.swift */; };
		D26D3B362CAF798C008285A5 /* AudioRecorder.swift in Sources */ = {isa = PBXBuildFile; fileRef = D26D3B352CAF798C008285A5 /* AudioRecorder.swift */; };
		D26D3B382CAF7991008285A5 /* HearView.swift in Sources */ = {isa = PBXBuildFile; fileRef = D26D3B372CAF7991008285A5 /* HearView.swift */; };
		D273283A2E1241050073EFA4 /* audio-2.mp3 in Resources */ = {isa = PBXBuildFile; fileRef = D27328392E1241050073EFA4 /* audio-2.mp3 */; };
/* End PBXBuildFile section */

/* Begin PBXFileReference section */
		D26D3B0D2CAF78FF008285A5 /* AudioApp.app */ = {isa = PBXFileReference; explicitFileType = wrapper.application; includeInIndex = 0; path = AudioApp.app; sourceTree = BUILT_PRODUCTS_DIR; };
		D26D3B102CAF78FF008285A5 /* AppDelegate.swift */ = {isa = PBXFileReference; lastKnownFileType = sourcecode.swift; path = AppDelegate.swift; sourceTree = "<group>"; };
		D26D3B122CAF78FF008285A5 /* SceneDelegate.swift */ = {isa = PBXFileReference; lastKnownFileType = sourcecode.swift; path = SceneDelegate.swift; sourceTree = "<group>"; };
		D26D3B142CAF78FF008285A5 /* ViewController.swift */ = {isa = PBXFileReference; lastKnownFileType = sourcecode.swift; path = ViewController.swift; sourceTree = "<group>"; };
		D26D3B192CAF7901008285A5 /* Assets.xcassets */ = {isa = PBXFileReference; lastKnownFileType = folder.assetcatalog; path = Assets.xcassets; sourceTree = "<group>"; };
		D26D3B1E2CAF7901008285A5 /* Info.plist */ = {isa = PBXFileReference; lastKnownFileType = text.plist.xml; path = Info.plist; sourceTree = "<group>"; };
		D26D3B242CAF7960008285A5 /* AudioPlayer.swift */ = {isa = PBXFileReference; fileEncoding = 4; lastKnownFileType = sourcecode.swift; path = AudioPlayer.swift; sourceTree = "<group>"; };
		D26D3B262CAF7966008285A5 /* SliderView.swift */ = {isa = PBXFileReference; fileEncoding = 4; lastKnownFileType = sourcecode.swift; path = SliderView.swift; sourceTree = "<group>"; };
		D26D3B282CAF796B008285A5 /* PlayView.swift */ = {isa = PBXFileReference; fileEncoding = 4; lastKnownFileType = sourcecode.swift; path = PlayView.swift; sourceTree = "<group>"; };
		D26D3B2A2CAF796F008285A5 /* HomeView.swift */ = {isa = PBXFileReference; fileEncoding = 4; lastKnownFileType = sourcecode.swift; path = HomeView.swift; sourceTree = "<group>"; };
		D26D3B2C2CAF7974008285A5 /* BottomView.swift */ = {isa = PBXFileReference; fileEncoding = 4; lastKnownFileType = sourcecode.swift; path = BottomView.swift; sourceTree = "<group>"; };
		D26D3B2E2CAF7979008285A5 /* audio.mp3 */ = {isa = PBXFileReference; lastKnownFileType = audio.mp3; path = audio.mp3; sourceTree = "<group>"; };
		D26D3B312CAF7982008285A5 /* RecordView.swift */ = {isa = PBXFileReference; fileEncoding = 4; lastKnownFileType = sourcecode.swift; path = RecordView.swift; sourceTree = "<group>"; };
		D26D3B332CAF7986008285A5 /* RenameView.swift */ = {isa = PBXFileReference; fileEncoding = 4; lastKnownFileType = sourcecode.swift; path = RenameView.swift; sourceTree = "<group>"; };
		D26D3B352CAF798C008285A5 /* AudioRecorder.swift */ = {isa = PBXFileReference; fileEncoding = 4; lastKnownFileType = sourcecode.swift; path = AudioRecorder.swift; sourceTree = "<group>"; };
		D26D3B372CAF7991008285A5 /* HearView.swift */ = {isa = PBXFileReference; fileEncoding = 4; lastKnownFileType = sourcecode.swift; path = HearView.swift; sourceTree = "<group>"; };
		D27328392E1241050073EFA4 /* audio-2.mp3 */ = {isa = PBXFileReference; lastKnownFileType = audio.mp3; path = "audio-2.mp3"; sourceTree = "<group>"; };
/* End PBXFileReference section */

/* Begin PBXFrameworksBuildPhase section */
		D26D3B0A2CAF78FF008285A5 /* Frameworks */ = {
			isa = PBXFrameworksBuildPhase;
			buildActionMask = 2147483647;
			files = (
			);
			runOnlyForDeploymentPostprocessing = 0;
		};
/* End PBXFrameworksBuildPhase section */

/* Begin PBXGroup section */
		D26D3B042CAF78FF008285A5 = {
			isa = PBXGroup;
			children = (
				D26D3B0F2CAF78FF008285A5 /* AudioApp */,
				D26D3B0E2CAF78FF008285A5 /* Products */,
			);
			sourceTree = "<group>";
		};
		D26D3B0E2CAF78FF008285A5 /* Products */ = {
			isa = PBXGroup;
			children = (
				D26D3B0D2CAF78FF008285A5 /* AudioApp.app */,
			);
			name = Products;
			sourceTree = "<group>";
		};
		D26D3B0F2CAF78FF008285A5 /* AudioApp */ = {
			isa = PBXGroup;
			children = (
				D26D3B102CAF78FF008285A5 /* AppDelegate.swift */,
				D26D3B122CAF78FF008285A5 /* SceneDelegate.swift */,
				D26D3B242CAF7960008285A5 /* AudioPlayer.swift */,
				D26D3B262CAF7966008285A5 /* SliderView.swift */,
				D26D3B2A2CAF796F008285A5 /* HomeView.swift */,
				D26D3B282CAF796B008285A5 /* PlayView.swift */,
				D26D3B2C2CAF7974008285A5 /* BottomView.swift */,
				D26D3B2E2CAF7979008285A5 /* audio.mp3 */,
				D26D3B332CAF7986008285A5 /* RenameView.swift */,
				D26D3B352CAF798C008285A5 /* AudioRecorder.swift */,
				D26D3B372CAF7991008285A5 /* HearView.swift */,
				D26D3B312CAF7982008285A5 /* RecordView.swift */,
				D27328392E1241050073EFA4 /* audio-2.mp3 */,
				D26D3B142CAF78FF008285A5 /* ViewController.swift */,
				D26D3B192CAF7901008285A5 /* Assets.xcassets */,
				D26D3B1E2CAF7901008285A5 /* Info.plist */,
			);
			path = AudioApp;
			sourceTree = "<group>";
		};
/* End PBXGroup section */

/* Begin PBXNativeTarget section */
		D26D3B0C2CAF78FF008285A5 /* AudioApp */ = {
			isa = PBXNativeTarget;
			buildConfigurationList = D26D3B212CAF7901008285A5 /* Build configuration list for PBXNativeTarget "AudioApp" */;
			buildPhases = (
				D26D3B092CAF78FF008285A5 /* Sources */,
				D26D3B0A2CAF78FF008285A5 /* Frameworks */,
				D26D3B0B2CAF78FF008285A5 /* Resources */,
			);
			buildRules = (
			);
			dependencies = (
			);
			name = AudioApp;
			productName = AudioApp3;
			productReference = D26D3B0D2CAF78FF008285A5 /* AudioApp.app */;
			productType = "com.apple.product-type.application";
		};
/* End PBXNativeTarget section */

/* Begin PBXProject section */
		D26D3B052CAF78FF008285A5 /* Project object */ = {
			isa = PBXProject;
			attributes = {
				BuildIndependentTargetsInParallel = 1;
				LastSwiftUpdateCheck = 1540;
				LastUpgradeCheck = 1540;
				TargetAttributes = {
					D26D3B0C2CAF78FF008285A5 = {
						CreatedOnToolsVersion = 15.4;
					};
				};
			};
			buildConfigurationList = D26D3B082CAF78FF008285A5 /* Build configuration list for PBXProject "AudioApp" */;
			compatibilityVersion = "Xcode 14.0";
			developmentRegion = en;
			hasScannedForEncodings = 0;
			knownRegions = (
				en,
				Base,
			);
			mainGroup = D26D3B042CAF78FF008285A5;
			productRefGroup = D26D3B0E2CAF78FF008285A5 /* Products */;
			projectDirPath = "";
			projectRoot = "";
			targets = (
				D26D3B0C2CAF78FF008285A5 /* AudioApp */,
			);
		};
/* End PBXProject section */

/* Begin PBXResourcesBuildPhase section */
		D26D3B0B2CAF78FF008285A5 /* Resources */ = {
			isa = PBXResourcesBuildPhase;
			buildActionMask = 2147483647;
			files = (
				D26D3B1A2CAF7901008285A5 /* Assets.xcassets in Resources */,
				D273283A2E1241050073EFA4 /* audio-2.mp3 in Resources */,
				D26D3B2F2CAF7979008285A5 /* audio.mp3 in Resources */,
			);
			runOnlyForDeploymentPostprocessing = 0;
		};
/* End PBXResourcesBuildPhase section */

/* Begin PBXSourcesBuildPhase section */
		D26D3B092CAF78FF008285A5 /* Sources */ = {
			isa = PBXSourcesBuildPhase;
			buildActionMask = 2147483647;
			files = (
				D26D3B292CAF796B008285A5 /* PlayView.swift in Sources */,
				D26D3B322CAF7982008285A5 /* RecordView.swift in Sources */,
				D26D3B342CAF7986008285A5 /* RenameView.swift in Sources */,
				D26D3B2B2CAF796F008285A5 /* HomeView.swift in Sources */,
				D26D3B152CAF78FF008285A5 /* ViewController.swift in Sources */,
				D26D3B362CAF798C008285A5 /* AudioRecorder.swift in Sources */,
				D26D3B382CAF7991008285A5 /* HearView.swift in Sources */,
				D26D3B2D2CAF7974008285A5 /* BottomView.swift in Sources */,
				D26D3B112CAF78FF008285A5 /* AppDelegate.swift in Sources */,
				D26D3B132CAF78FF008285A5 /* SceneDelegate.swift in Sources */,
				D26D3B252CAF7960008285A5 /* AudioPlayer.swift in Sources */,
				D26D3B272CAF7966008285A5 /* SliderView.swift in Sources */,
			);
			runOnlyForDeploymentPostprocessing = 0;
		};
/* End PBXSourcesBuildPhase section */

/* Begin XCBuildConfiguration section */
		D26D3B1F2CAF7901008285A5 /* Debug */ = {
			isa = XCBuildConfiguration;
			buildSettings = {
				ALWAYS_SEARCH_USER_PATHS = NO;
				ASSETCATALOG_COMPILER_GENERATE_SWIFT_ASSET_SYMBOL_EXTENSIONS = YES;
				CLANG_ANALYZER_NONNULL = YES;
				CLANG_ANALYZER_NUMBER_OBJECT_CONVERSION = YES_AGGRESSIVE;
				CLANG_CXX_LANGUAGE_STANDARD = "gnu++20";
				CLANG_ENABLE_MODULES = YES;
				CLANG_ENABLE_OBJC_ARC = YES;
				CLANG_ENABLE_OBJC_WEAK = YES;
				CLANG_WARN_BLOCK_CAPTURE_AUTORELEASING = YES;
				CLANG_WARN_BOOL_CONVERSION = YES;
				CLANG_WARN_COMMA = YES;
				CLANG_WARN_CONSTANT_CONVERSION = YES;
				CLANG_WARN_DEPRECATED_OBJC_IMPLEMENTATIONS = YES;
				CLANG_WARN_DIRECT_OBJC_ISA_USAGE = YES_ERROR;
				CLANG_WARN_DOCUMENTATION_COMMENTS = YES;
				CLANG_WARN_EMPTY_BODY = YES;
				CLANG_WARN_ENUM_CONVERSION = YES;
				CLANG_WARN_INFINITE_RECURSION = YES;
				CLANG_WARN_INT_CONVERSION = YES;
				CLANG_WARN_NON_LITERAL_NULL_CONVERSION = YES;
				CLANG_WARN_OBJC_IMPLICIT_RETAIN_SELF = YES;
				CLANG_WARN_OBJC_LITERAL_CONVERSION = YES;
				CLANG_WARN_OBJC_ROOT_CLASS = YES_ERROR;
				CLANG_WARN_QUOTED_INCLUDE_IN_FRAMEWORK_HEADER = YES;
				CLANG_WARN_RANGE_LOOP_ANALYSIS = YES;
				CLANG_WARN_STRICT_PROTOTYPES = YES;
				CLANG_WARN_SUSPICIOUS_MOVE = YES;
				CLANG_WARN_UNGUARDED_AVAILABILITY = YES_AGGRESSIVE;
				CLANG_WARN_UNREACHABLE_CODE = YES;
				CLANG_WARN__DUPLICATE_METHOD_MATCH = YES;
				COPY_PHASE_STRIP = NO;
				DEBUG_INFORMATION_FORMAT = dwarf;
				ENABLE_STRICT_OBJC_MSGSEND = YES;
				ENABLE_TESTABILITY = YES;
				ENABLE_USER_SCRIPT_SANDBOXING = YES;
				GCC_C_LANGUAGE_STANDARD = gnu17;
				GCC_DYNAMIC_NO_PIC = NO;
				GCC_NO_COMMON_BLOCKS = YES;
				GCC_OPTIMIZATION_LEVEL = 0;
				GCC_PREPROCESSOR_DEFINITIONS = (
					"DEBUG=1",
					"$(inherited)",
				);
				GCC_WARN_64_TO_32_BIT_CONVERSION = YES;
				GCC_WARN_ABOUT_RETURN_TYPE = YES_ERROR;
				GCC_WARN_UNDECLARED_SELECTOR = YES;
				GCC_WARN_UNINITIALIZED_AUTOS = YES_AGGRESSIVE;
				GCC_WARN_UNUSED_FUNCTION = YES;
				GCC_WARN_UNUSED_VARIABLE = YES;
				"INFOPLIST_FILE[sdk=*]" = "";
				IPHONEOS_DEPLOYMENT_TARGET = 17.5;
				LOCALIZATION_PREFERS_STRING_CATALOGS = YES;
				MTL_ENABLE_DEBUG_INFO = INCLUDE_SOURCE;
				MTL_FAST_MATH = YES;
				ONLY_ACTIVE_ARCH = YES;
				SDKROOT = iphoneos;
				SWIFT_ACTIVE_COMPILATION_CONDITIONS = "DEBUG $(inherited)";
				SWIFT_OPTIMIZATION_LEVEL = "-Onone";
			};
			name = Debug;
		};
		D26D3B202CAF7901008285A5 /* Release */ = {
			isa = XCBuildConfiguration;
			buildSettings = {
				ALWAYS_SEARCH_USER_PATHS = NO;
				ASSETCATALOG_COMPILER_GENERATE_SWIFT_ASSET_SYMBOL_EXTENSIONS = YES;
				CLANG_ANALYZER_NONNULL = YES;
				CLANG_ANALYZER_NUMBER_OBJECT_CONVERSION = YES_AGGRESSIVE;
				CLANG_CXX_LANGUAGE_STANDARD = "gnu++20";
				CLANG_ENABLE_MODULES = YES;
				CLANG_ENABLE_OBJC_ARC = YES;
				CLANG_ENABLE_OBJC_WEAK = YES;
				CLANG_WARN_BLOCK_CAPTURE_AUTORELEASING = YES;
				CLANG_WARN_BOOL_CONVERSION = YES;
				CLANG_WARN_COMMA = YES;
				CLANG_WARN_CONSTANT_CONVERSION = YES;
				CLANG_WARN_DEPRECATED_OBJC_IMPLEMENTATIONS = YES;
				CLANG_WARN_DIRECT_OBJC_ISA_USAGE = YES_ERROR;
				CLANG_WARN_DOCUMENTATION_COMMENTS = YES;
				CLANG_WARN_EMPTY_BODY = YES;
				CLANG_WARN_ENUM_CONVERSION = YES;
				CLANG_WARN_INFINITE_RECURSION = YES;
				CLANG_WARN_INT_CONVERSION = YES;
				CLANG_WARN_NON_LITERAL_NULL_CONVERSION = YES;
				CLANG_WARN_OBJC_IMPLICIT_RETAIN_SELF = YES;
				CLANG_WARN_OBJC_LITERAL_CONVERSION = YES;
				CLANG_WARN_OBJC_ROOT_CLASS = YES_ERROR;
				CLANG_WARN_QUOTED_INCLUDE_IN_FRAMEWORK_HEADER = YES;
				CLANG_WARN_RANGE_LOOP_ANALYSIS = YES;
				CLANG_WARN_STRICT_PROTOTYPES = YES;
				CLANG_WARN_SUSPICIOUS_MOVE = YES;
				CLANG_WARN_UNGUARDED_AVAILABILITY = YES_AGGRESSIVE;
				CLANG_WARN_UNREACHABLE_CODE = YES;
				CLANG_WARN__DUPLICATE_METHOD_MATCH = YES;
				COPY_PHASE_STRIP = NO;
				DEBUG_INFORMATION_FORMAT = "dwarf-with-dsym";
				ENABLE_NS_ASSERTIONS = NO;
				ENABLE_STRICT_OBJC_MSGSEND = YES;
				ENABLE_USER_SCRIPT_SANDBOXING = YES;
				GCC_C_LANGUAGE_STANDARD = gnu17;
				GCC_NO_COMMON_BLOCKS = YES;
				GCC_WARN_64_TO_32_BIT_CONVERSION = YES;
				GCC_WARN_ABOUT_RETURN_TYPE = YES_ERROR;
				GCC_WARN_UNDECLARED_SELECTOR = YES;
				GCC_WARN_UNINITIALIZED_AUTOS = YES_AGGRESSIVE;
				GCC_WARN_UNUSED_FUNCTION = YES;
				GCC_WARN_UNUSED_VARIABLE = YES;
				"INFOPLIST_FILE[sdk=*]" = "";
				IPHONEOS_DEPLOYMENT_TARGET = 17.5;
				LOCALIZATION_PREFERS_STRING_CATALOGS = YES;
				MTL_ENABLE_DEBUG_INFO = NO;
				MTL_FAST_MATH = YES;
				SDKROOT = iphoneos;
				SWIFT_COMPILATION_MODE = wholemodule;
				VALIDATE_PRODUCT = YES;
			};
			name = Release;
		};
		D26D3B222CAF7901008285A5 /* Debug */ = {
			isa = XCBuildConfiguration;
			buildSettings = {
				ASSETCATALOG_COMPILER_APPICON_NAME = AppIcon;
				ASSETCATALOG_COMPILER_GLOBAL_ACCENT_COLOR_NAME = AccentColor;
				CODE_SIGN_STYLE = Automatic;
				CURRENT_PROJECT_VERSION = 1;
				GENERATE_INFOPLIST_FILE = YES;
				INFOPLIST_FILE = AudioApp/Info.plist;
				INFOPLIST_KEY_NSMicrophoneUsageDescription = "";
				INFOPLIST_KEY_UIApplicationSupportsIndirectInputEvents = YES;
				INFOPLIST_KEY_UILaunchStoryboardName = LaunchScreen;
				INFOPLIST_KEY_UISupportedInterfaceOrientations_iPad = "UIInterfaceOrientationPortrait UIInterfaceOrientationPortraitUpsideDown UIInterfaceOrientationLandscapeLeft UIInterfaceOrientationLandscapeRight";
				INFOPLIST_KEY_UISupportedInterfaceOrientations_iPhone = "UIInterfaceOrientationPortrait UIInterfaceOrientationLandscapeLeft UIInterfaceOrientationLandscapeRight";
				IPHONEOS_DEPLOYMENT_TARGET = 14.0;
				LD_RUNPATH_SEARCH_PATHS = (
					"$(inherited)",
					"@executable_path/Frameworks",
				);
				MARKETING_VERSION = 1.0;
				PRODUCT_BUNDLE_IDENTIFIER = com.jthntj.AudioApp;
				PRODUCT_NAME = "$(TARGET_NAME)";
				SWIFT_EMIT_LOC_STRINGS = YES;
				SWIFT_VERSION = 5.0;
				TARGETED_DEVICE_FAMILY = "1,2";
			};
			name = Debug;
		};
		D26D3B232CAF7901008285A5 /* Release */ = {
			isa = XCBuildConfiguration;
			buildSettings = {
				ASSETCATALOG_COMPILER_APPICON_NAME = AppIcon;
				ASSETCATALOG_COMPILER_GLOBAL_ACCENT_COLOR_NAME = AccentColor;
				CODE_SIGN_STYLE = Automatic;
				CURRENT_PROJECT_VERSION = 1;
				GENERATE_INFOPLIST_FILE = YES;
				INFOPLIST_FILE = AudioApp/Info.plist;
				INFOPLIST_KEY_NSMicrophoneUsageDescription = "";
				INFOPLIST_KEY_UIApplicationSupportsIndirectInputEvents = YES;
				INFOPLIST_KEY_UILaunchStoryboardName = LaunchScreen;
				INFOPLIST_KEY_UISupportedInterfaceOrientations_iPad = "UIInterfaceOrientationPortrait UIInterfaceOrientationPortraitUpsideDown UIInterfaceOrientationLandscapeLeft UIInterfaceOrientationLandscapeRight";
				INFOPLIST_KEY_UISupportedInterfaceOrientations_iPhone = "UIInterfaceOrientationPortrait UIInterfaceOrientationLandscapeLeft UIInterfaceOrientationLandscapeRight";
				IPHONEOS_DEPLOYMENT_TARGET = 14.0;
				LD_RUNPATH_SEARCH_PATHS = (
					"$(inherited)",
					"@executable_path/Frameworks",
				);
				MARKETING_VERSION = 1.0;
				PRODUCT_BUNDLE_IDENTIFIER = com.jthntj.AudioApp;
				PRODUCT_NAME = "$(TARGET_NAME)";
				SWIFT_EMIT_LOC_STRINGS = YES;
				SWIFT_VERSION = 5.0;
				TARGETED_DEVICE_FAMILY = "1,2";
			};
			name = Release;
		};
/* End XCBuildConfiguration section */

/* Begin XCConfigurationList section */
		D26D3B082CAF78FF008285A5 /* Build configuration list for PBXProject "AudioApp" */ = {
			isa = XCConfigurationList;
			buildConfigurations = (
				D26D3B1F2CAF7901008285A5 /* Debug */,
				D26D3B202CAF7901008285A5 /* Release */,
			);
			defaultConfigurationIsVisible = 0;
			defaultConfigurationName = Release;
		};
		D26D3B212CAF7901008285A5 /* Build configuration list for PBXNativeTarget "AudioApp" */ = {
			isa = XCConfigurationList;
			buildConfigurations = (
				D26D3B222CAF7901008285A5 /* Debug */,
				D26D3B232CAF7901008285A5 /* Release */,
			);
			defaultConfigurationIsVisible = 0;
			defaultConfigurationName = Release;
		};
/* End XCConfigurationList section */
	};
	rootObject = D26D3B052CAF78FF008285A5 /* Project object */;
}
